// !$*UTF8*$!
{
	archiveVersion = 1;
	classes = {
	};
	objectVersion = 51;
	objects = {

/* Begin PBXBuildFile section */
		634D57DB0792E3E455CBD730 /* Pods_SignUp_SignUpUITests.framework in Frameworks */ = {isa = PBXBuildFile; fileRef = DCAB0E57E4E9B496D6F457BE /* Pods_SignUp_SignUpUITests.framework */; };
		64424EF0B7FE97EC8186C20A /* Pods_SignUpTests.framework in Frameworks */ = {isa = PBXBuildFile; fileRef = 2A305CDC6305038FF0214F3C /* Pods_SignUpTests.framework */; };
		8042AD735BB9B191CBCD78E2 /* Pods_SignUp.framework in Frameworks */ = {isa = PBXBuildFile; fileRef = 2888692179DB1A72A218968C /* Pods_SignUp.framework */; };
		8E7915BA2428B42A000274CA /* AppDelegate.swift in Sources */ = {isa = PBXBuildFile; fileRef = 8E7915B92428B42A000274CA /* AppDelegate.swift */; };
		8E7915BC2428B42A000274CA /* SceneDelegate.swift in Sources */ = {isa = PBXBuildFile; fileRef = 8E7915BB2428B42A000274CA /* SceneDelegate.swift */; };
		8E7915BE2428B42A000274CA /* SignUpView.swift in Sources */ = {isa = PBXBuildFile; fileRef = 8E7915BD2428B42A000274CA /* SignUpView.swift */; };
		8E7915C02428B42E000274CA /* Assets.xcassets in Resources */ = {isa = PBXBuildFile; fileRef = 8E7915BF2428B42E000274CA /* Assets.xcassets */; };
		8E7915C32428B42E000274CA /* Preview Assets.xcassets in Resources */ = {isa = PBXBuildFile; fileRef = 8E7915C22428B42E000274CA /* Preview Assets.xcassets */; };
		8E7915C62428B42E000274CA /* LaunchScreen.storyboard in Resources */ = {isa = PBXBuildFile; fileRef = 8E7915C42428B42E000274CA /* LaunchScreen.storyboard */; };
		8E7915D12428B42E000274CA /* SignUpTests.swift in Sources */ = {isa = PBXBuildFile; fileRef = 8E7915D02428B42E000274CA /* SignUpTests.swift */; };
		8E7915DC2428B42E000274CA /* SignUpUITests.swift in Sources */ = {isa = PBXBuildFile; fileRef = 8E7915DB2428B42E000274CA /* SignUpUITests.swift */; };
		8E7915EB2428B4C3000274CA /* ColorCodes.swift in Sources */ = {isa = PBXBuildFile; fileRef = 8E7915EA2428B4C3000274CA /* ColorCodes.swift */; };
		8E7915EE2428C0DE000274CA /* SignUpViewModel.swift in Sources */ = {isa = PBXBuildFile; fileRef = 8E7915ED2428C0DE000274CA /* SignUpViewModel.swift */; };
		8EB728EC2428DD3D004E1D81 /* AuthHttpRouter.swift in Sources */ = {isa = PBXBuildFile; fileRef = 8EB728EB2428DD3D004E1D81 /* AuthHttpRouter.swift */; };
		8EB728EE2428DDB5004E1D81 /* AuthModel.swift in Sources */ = {isa = PBXBuildFile; fileRef = 8EB728ED2428DDB5004E1D81 /* AuthModel.swift */; };
		8EB728F02428DFCA004E1D81 /* AuthHttpService.swift in Sources */ = {isa = PBXBuildFile; fileRef = 8EB728EF2428DFCA004E1D81 /* AuthHttpService.swift */; };
		8EB728F22428E00C004E1D81 /* HttpRouter.swift in Sources */ = {isa = PBXBuildFile; fileRef = 8EB728F12428E00C004E1D81 /* HttpRouter.swift */; };
		8EB728F42428E112004E1D81 /* HttpService.swift in Sources */ = {isa = PBXBuildFile; fileRef = 8EB728F32428E112004E1D81 /* HttpService.swift */; };
		8EB728F62428E4E9004E1D81 /* AuthAPI.swift in Sources */ = {isa = PBXBuildFile; fileRef = 8EB728F52428E4E9004E1D81 /* AuthAPI.swift */; };
		8EB728F82428E725004E1D81 /* AuthService.swift in Sources */ = {isa = PBXBuildFile; fileRef = 8EB728F72428E725004E1D81 /* AuthService.swift */; };
		8EB728FA2428F12F004E1D81 /* AuthServiceParser.swift in Sources */ = {isa = PBXBuildFile; fileRef = 8EB728F92428F12F004E1D81 /* AuthServiceParser.swift */; };
		8EB728FC2428F1F1004E1D81 /* TokenResponseModel.swift in Sources */ = {isa = PBXBuildFile; fileRef = 8EB728FB2428F1F1004E1D81 /* TokenResponseModel.swift */; };
		8EB728FE2428F75B004E1D81 /* SignUpErrorModel.swift in Sources */ = {isa = PBXBuildFile; fileRef = 8EB728FD2428F75B004E1D81 /* SignUpErrorModel.swift */; };
/* End PBXBuildFile section */

/* Begin PBXContainerItemProxy section */
		8E7915CD2428B42E000274CA /* PBXContainerItemProxy */ = {
			isa = PBXContainerItemProxy;
			containerPortal = 8E7915AE2428B42A000274CA /* Project object */;
			proxyType = 1;
			remoteGlobalIDString = 8E7915B52428B42A000274CA;
			remoteInfo = SignUp;
		};
		8E7915D82428B42E000274CA /* PBXContainerItemProxy */ = {
			isa = PBXContainerItemProxy;
			containerPortal = 8E7915AE2428B42A000274CA /* Project object */;
			proxyType = 1;
			remoteGlobalIDString = 8E7915B52428B42A000274CA;
			remoteInfo = SignUp;
		};
/* End PBXContainerItemProxy section */

/* Begin PBXFileReference section */
		14BD7039A75A8B2657F0D931 /* Pods-SignUp.debug.xcconfig */ = {isa = PBXFileReference; includeInIndex = 1; lastKnownFileType = text.xcconfig; name = "Pods-SignUp.debug.xcconfig"; path = "Target Support Files/Pods-SignUp/Pods-SignUp.debug.xcconfig"; sourceTree = "<group>"; };
		1B2B2126898533A5C8D2E366 /* Pods-SignUp-SignUpUITests.debug.xcconfig */ = {isa = PBXFileReference; includeInIndex = 1; lastKnownFileType = text.xcconfig; name = "Pods-SignUp-SignUpUITests.debug.xcconfig"; path = "Target Support Files/Pods-SignUp-SignUpUITests/Pods-SignUp-SignUpUITests.debug.xcconfig"; sourceTree = "<group>"; };
		2888692179DB1A72A218968C /* Pods_SignUp.framework */ = {isa = PBXFileReference; explicitFileType = wrapper.framework; includeInIndex = 0; path = Pods_SignUp.framework; sourceTree = BUILT_PRODUCTS_DIR; };
		2A305CDC6305038FF0214F3C /* Pods_SignUpTests.framework */ = {isa = PBXFileReference; explicitFileType = wrapper.framework; includeInIndex = 0; path = Pods_SignUpTests.framework; sourceTree = BUILT_PRODUCTS_DIR; };
		5D6F852002A474D986D9828F /* Pods-SignUp.release.xcconfig */ = {isa = PBXFileReference; includeInIndex = 1; lastKnownFileType = text.xcconfig; name = "Pods-SignUp.release.xcconfig"; path = "Target Support Files/Pods-SignUp/Pods-SignUp.release.xcconfig"; sourceTree = "<group>"; };
		6B5D372E08E97BEF9F6516A7 /* Pods-SignUpTests.release.xcconfig */ = {isa = PBXFileReference; includeInIndex = 1; lastKnownFileType = text.xcconfig; name = "Pods-SignUpTests.release.xcconfig"; path = "Target Support Files/Pods-SignUpTests/Pods-SignUpTests.release.xcconfig"; sourceTree = "<group>"; };
		8E7915B62428B42A000274CA /* SignUp.app */ = {isa = PBXFileReference; explicitFileType = wrapper.application; includeInIndex = 0; path = SignUp.app; sourceTree = BUILT_PRODUCTS_DIR; };
		8E7915B92428B42A000274CA /* AppDelegate.swift */ = {isa = PBXFileReference; lastKnownFileType = sourcecode.swift; path = AppDelegate.swift; sourceTree = "<group>"; };
		8E7915BB2428B42A000274CA /* SceneDelegate.swift */ = {isa = PBXFileReference; lastKnownFileType = sourcecode.swift; path = SceneDelegate.swift; sourceTree = "<group>"; };
		8E7915BD2428B42A000274CA /* SignUpView.swift */ = {isa = PBXFileReference; lastKnownFileType = sourcecode.swift; path = SignUpView.swift; sourceTree = "<group>"; };
		8E7915BF2428B42E000274CA /* Assets.xcassets */ = {isa = PBXFileReference; lastKnownFileType = folder.assetcatalog; path = Assets.xcassets; sourceTree = "<group>"; };
		8E7915C22428B42E000274CA /* Preview Assets.xcassets */ = {isa = PBXFileReference; lastKnownFileType = folder.assetcatalog; path = "Preview Assets.xcassets"; sourceTree = "<group>"; };
		8E7915C52428B42E000274CA /* Base */ = {isa = PBXFileReference; lastKnownFileType = file.storyboard; name = Base; path = Base.lproj/LaunchScreen.storyboard; sourceTree = "<group>"; };
		8E7915C72428B42E000274CA /* Info.plist */ = {isa = PBXFileReference; lastKnownFileType = text.plist.xml; path = Info.plist; sourceTree = "<group>"; };
		8E7915CC2428B42E000274CA /* SignUpTests.xctest */ = {isa = PBXFileReference; explicitFileType = wrapper.cfbundle; includeInIndex = 0; path = SignUpTests.xctest; sourceTree = BUILT_PRODUCTS_DIR; };
		8E7915D02428B42E000274CA /* SignUpTests.swift */ = {isa = PBXFileReference; lastKnownFileType = sourcecode.swift; path = SignUpTests.swift; sourceTree = "<group>"; };
		8E7915D22428B42E000274CA /* Info.plist */ = {isa = PBXFileReference; lastKnownFileType = text.plist.xml; path = Info.plist; sourceTree = "<group>"; };
		8E7915D72428B42E000274CA /* SignUpUITests.xctest */ = {isa = PBXFileReference; explicitFileType = wrapper.cfbundle; includeInIndex = 0; path = SignUpUITests.xctest; sourceTree = BUILT_PRODUCTS_DIR; };
		8E7915DB2428B42E000274CA /* SignUpUITests.swift */ = {isa = PBXFileReference; lastKnownFileType = sourcecode.swift; path = SignUpUITests.swift; sourceTree = "<group>"; };
		8E7915DD2428B42E000274CA /* Info.plist */ = {isa = PBXFileReference; lastKnownFileType = text.plist.xml; path = Info.plist; sourceTree = "<group>"; };
		8E7915EA2428B4C3000274CA /* ColorCodes.swift */ = {isa = PBXFileReference; lastKnownFileType = sourcecode.swift; path = ColorCodes.swift; sourceTree = "<group>"; };
		8E7915ED2428C0DE000274CA /* SignUpViewModel.swift */ = {isa = PBXFileReference; lastKnownFileType = sourcecode.swift; path = SignUpViewModel.swift; sourceTree = "<group>"; };
		8EB728EB2428DD3D004E1D81 /* AuthHttpRouter.swift */ = {isa = PBXFileReference; lastKnownFileType = sourcecode.swift; path = AuthHttpRouter.swift; sourceTree = "<group>"; };
		8EB728ED2428DDB5004E1D81 /* AuthModel.swift */ = {isa = PBXFileReference; lastKnownFileType = sourcecode.swift; path = AuthModel.swift; sourceTree = "<group>"; };
		8EB728EF2428DFCA004E1D81 /* AuthHttpService.swift */ = {isa = PBXFileReference; lastKnownFileType = sourcecode.swift; path = AuthHttpService.swift; sourceTree = "<group>"; };
		8EB728F12428E00C004E1D81 /* HttpRouter.swift */ = {isa = PBXFileReference; lastKnownFileType = sourcecode.swift; path = HttpRouter.swift; sourceTree = "<group>"; };
		8EB728F32428E112004E1D81 /* HttpService.swift */ = {isa = PBXFileReference; lastKnownFileType = sourcecode.swift; path = HttpService.swift; sourceTree = "<group>"; };
		8EB728F52428E4E9004E1D81 /* AuthAPI.swift */ = {isa = PBXFileReference; lastKnownFileType = sourcecode.swift; path = AuthAPI.swift; sourceTree = "<group>"; };
		8EB728F72428E725004E1D81 /* AuthService.swift */ = {isa = PBXFileReference; lastKnownFileType = sourcecode.swift; path = AuthService.swift; sourceTree = "<group>"; };
		8EB728F92428F12F004E1D81 /* AuthServiceParser.swift */ = {isa = PBXFileReference; lastKnownFileType = sourcecode.swift; path = AuthServiceParser.swift; sourceTree = "<group>"; };
		8EB728FB2428F1F1004E1D81 /* TokenResponseModel.swift */ = {isa = PBXFileReference; lastKnownFileType = sourcecode.swift; path = TokenResponseModel.swift; sourceTree = "<group>"; };
		8EB728FD2428F75B004E1D81 /* SignUpErrorModel.swift */ = {isa = PBXFileReference; lastKnownFileType = sourcecode.swift; path = SignUpErrorModel.swift; sourceTree = "<group>"; };
		9464537E46399D8ACB8C044C /* Pods-SignUp-SignUpUITests.release.xcconfig */ = {isa = PBXFileReference; includeInIndex = 1; lastKnownFileType = text.xcconfig; name = "Pods-SignUp-SignUpUITests.release.xcconfig"; path = "Target Support Files/Pods-SignUp-SignUpUITests/Pods-SignUp-SignUpUITests.release.xcconfig"; sourceTree = "<group>"; };
		DCAB0E57E4E9B496D6F457BE /* Pods_SignUp_SignUpUITests.framework */ = {isa = PBXFileReference; explicitFileType = wrapper.framework; includeInIndex = 0; path = Pods_SignUp_SignUpUITests.framework; sourceTree = BUILT_PRODUCTS_DIR; };
		E08EB8874A1ECDD7DD6F2D91 /* Pods-SignUpTests.debug.xcconfig */ = {isa = PBXFileReference; includeInIndex = 1; lastKnownFileType = text.xcconfig; name = "Pods-SignUpTests.debug.xcconfig"; path = "Target Support Files/Pods-SignUpTests/Pods-SignUpTests.debug.xcconfig"; sourceTree = "<group>"; };
/* End PBXFileReference section */

/* Begin PBXFrameworksBuildPhase section */
		8E7915B32428B42A000274CA /* Frameworks */ = {
			isa = PBXFrameworksBuildPhase;
			buildActionMask = 2147483647;
			files = (
				8042AD735BB9B191CBCD78E2 /* Pods_SignUp.framework in Frameworks */,
			);
			runOnlyForDeploymentPostprocessing = 0;
		};
		8E7915C92428B42E000274CA /* Frameworks */ = {
			isa = PBXFrameworksBuildPhase;
			buildActionMask = 2147483647;
			files = (
				64424EF0B7FE97EC8186C20A /* Pods_SignUpTests.framework in Frameworks */,
			);
			runOnlyForDeploymentPostprocessing = 0;
		};
		8E7915D42428B42E000274CA /* Frameworks */ = {
			isa = PBXFrameworksBuildPhase;
			buildActionMask = 2147483647;
			files = (
				634D57DB0792E3E455CBD730 /* Pods_SignUp_SignUpUITests.framework in Frameworks */,
			);
			runOnlyForDeploymentPostprocessing = 0;
		};
/* End PBXFrameworksBuildPhase section */

/* Begin PBXGroup section */
		4622A1DF3250D10E05E9ABE5 /* Frameworks */ = {
			isa = PBXGroup;
			children = (
				2888692179DB1A72A218968C /* Pods_SignUp.framework */,
				DCAB0E57E4E9B496D6F457BE /* Pods_SignUp_SignUpUITests.framework */,
				2A305CDC6305038FF0214F3C /* Pods_SignUpTests.framework */,
			);
			name = Frameworks;
			sourceTree = "<group>";
		};
		8E7915AD2428B42A000274CA = {
			isa = PBXGroup;
			children = (
				8E7915B82428B42A000274CA /* SignUp */,
				8E7915CF2428B42E000274CA /* SignUpTests */,
				8E7915DA2428B42E000274CA /* SignUpUITests */,
				8E7915B72428B42A000274CA /* Products */,
				C71D8D60FF6843710F4F1415 /* Pods */,
				4622A1DF3250D10E05E9ABE5 /* Frameworks */,
			);
			sourceTree = "<group>";
		};
		8E7915B72428B42A000274CA /* Products */ = {
			isa = PBXGroup;
			children = (
				8E7915B62428B42A000274CA /* SignUp.app */,
				8E7915CC2428B42E000274CA /* SignUpTests.xctest */,
				8E7915D72428B42E000274CA /* SignUpUITests.xctest */,
			);
			name = Products;
			sourceTree = "<group>";
		};
		8E7915B82428B42A000274CA /* SignUp */ = {
			isa = PBXGroup;
			children = (
				8EB728FF2429A00E004E1D81 /* View */,
				8EB728EA2428DA06004E1D81 /* Services */,
				8E7915EC2428C0CA000274CA /* ViewModel */,
				8E7915E92428B487000274CA /* Models */,
				8E7915B92428B42A000274CA /* AppDelegate.swift */,
				8E7915BB2428B42A000274CA /* SceneDelegate.swift */,
				8E7915BF2428B42E000274CA /* Assets.xcassets */,
				8E7915C42428B42E000274CA /* LaunchScreen.storyboard */,
				8E7915C72428B42E000274CA /* Info.plist */,
				8E7915C12428B42E000274CA /* Preview Content */,
			);
			path = SignUp;
			sourceTree = "<group>";
		};
		8E7915C12428B42E000274CA /* Preview Content */ = {
			isa = PBXGroup;
			children = (
				8E7915C22428B42E000274CA /* Preview Assets.xcassets */,
			);
			path = "Preview Content";
			sourceTree = "<group>";
		};
		8E7915CF2428B42E000274CA /* SignUpTests */ = {
			isa = PBXGroup;
			children = (
				8E7915D02428B42E000274CA /* SignUpTests.swift */,
				8E7915D22428B42E000274CA /* Info.plist */,
			);
			path = SignUpTests;
			sourceTree = "<group>";
		};
		8E7915DA2428B42E000274CA /* SignUpUITests */ = {
			isa = PBXGroup;
			children = (
				8E7915DB2428B42E000274CA /* SignUpUITests.swift */,
				8E7915DD2428B42E000274CA /* Info.plist */,
			);
			path = SignUpUITests;
			sourceTree = "<group>";
		};
		8E7915E92428B487000274CA /* Models */ = {
			isa = PBXGroup;
			children = (
				8E7915EA2428B4C3000274CA /* ColorCodes.swift */,
				8EB728ED2428DDB5004E1D81 /* AuthModel.swift */,
				8EB728FB2428F1F1004E1D81 /* TokenResponseModel.swift */,
				8EB728FD2428F75B004E1D81 /* SignUpErrorModel.swift */,
			);
			path = Models;
			sourceTree = "<group>";
		};
		8E7915EC2428C0CA000274CA /* ViewModel */ = {
			isa = PBXGroup;
			children = (
				8E7915ED2428C0DE000274CA /* SignUpViewModel.swift */,
			);
			path = ViewModel;
			sourceTree = "<group>";
		};
		8EB728EA2428DA06004E1D81 /* Services */ = {
			isa = PBXGroup;
			children = (
				8EB728EB2428DD3D004E1D81 /* AuthHttpRouter.swift */,
				8EB728EF2428DFCA004E1D81 /* AuthHttpService.swift */,
				8EB728F12428E00C004E1D81 /* HttpRouter.swift */,
				8EB728F32428E112004E1D81 /* HttpService.swift */,
				8EB728F52428E4E9004E1D81 /* AuthAPI.swift */,
				8EB728F72428E725004E1D81 /* AuthService.swift */,
				8EB728F92428F12F004E1D81 /* AuthServiceParser.swift */,
			);
			path = Services;
			sourceTree = "<group>";
		};
		8EB728FF2429A00E004E1D81 /* View */ = {
			isa = PBXGroup;
			children = (
				8E7915BD2428B42A000274CA /* SignUpView.swift */,
			);
			name = View;
			sourceTree = "<group>";
		};
		C71D8D60FF6843710F4F1415 /* Pods */ = {
			isa = PBXGroup;
			children = (
				14BD7039A75A8B2657F0D931 /* Pods-SignUp.debug.xcconfig */,
				5D6F852002A474D986D9828F /* Pods-SignUp.release.xcconfig */,
				1B2B2126898533A5C8D2E366 /* Pods-SignUp-SignUpUITests.debug.xcconfig */,
				9464537E46399D8ACB8C044C /* Pods-SignUp-SignUpUITests.release.xcconfig */,
				E08EB8874A1ECDD7DD6F2D91 /* Pods-SignUpTests.debug.xcconfig */,
				6B5D372E08E97BEF9F6516A7 /* Pods-SignUpTests.release.xcconfig */,
			);
			path = Pods;
			sourceTree = "<group>";
		};
/* End PBXGroup section */

/* Begin PBXNativeTarget section */
		8E7915B52428B42A000274CA /* SignUp */ = {
			isa = PBXNativeTarget;
			buildConfigurationList = 8E7915E02428B42E000274CA /* Build configuration list for PBXNativeTarget "SignUp" */;
			buildPhases = (
				6DCFB53A37E6330B1232CF7D /* [CP] Check Pods Manifest.lock */,
				8E7915B22428B42A000274CA /* Sources */,
				8E7915B32428B42A000274CA /* Frameworks */,
				8E7915B42428B42A000274CA /* Resources */,
				94A83886DD2F07F8A32820A6 /* [CP] Embed Pods Frameworks */,
			);
			buildRules = (
			);
			dependencies = (
			);
			name = SignUp;
			productName = SignUp;
			productReference = 8E7915B62428B42A000274CA /* SignUp.app */;
			productType = "com.apple.product-type.application";
		};
		8E7915CB2428B42E000274CA /* SignUpTests */ = {
			isa = PBXNativeTarget;
			buildConfigurationList = 8E7915E32428B42E000274CA /* Build configuration list for PBXNativeTarget "SignUpTests" */;
			buildPhases = (
				BA6C39B1C89313200170BA6E /* [CP] Check Pods Manifest.lock */,
				8E7915C82428B42E000274CA /* Sources */,
				8E7915C92428B42E000274CA /* Frameworks */,
				8E7915CA2428B42E000274CA /* Resources */,
			);
			buildRules = (
			);
			dependencies = (
				8E7915CE2428B42E000274CA /* PBXTargetDependency */,
			);
			name = SignUpTests;
			productName = SignUpTests;
			productReference = 8E7915CC2428B42E000274CA /* SignUpTests.xctest */;
			productType = "com.apple.product-type.bundle.unit-test";
		};
		8E7915D62428B42E000274CA /* SignUpUITests */ = {
			isa = PBXNativeTarget;
			buildConfigurationList = 8E7915E62428B42E000274CA /* Build configuration list for PBXNativeTarget "SignUpUITests" */;
			buildPhases = (
				FDCBE1912D8BE4493896395A /* [CP] Check Pods Manifest.lock */,
				8E7915D32428B42E000274CA /* Sources */,
				8E7915D42428B42E000274CA /* Frameworks */,
				8E7915D52428B42E000274CA /* Resources */,
				8A31125DD504981AE20475AC /* [CP] Embed Pods Frameworks */,
			);
			buildRules = (
			);
			dependencies = (
				8E7915D92428B42E000274CA /* PBXTargetDependency */,
			);
			name = SignUpUITests;
			productName = SignUpUITests;
			productReference = 8E7915D72428B42E000274CA /* SignUpUITests.xctest */;
			productType = "com.apple.product-type.bundle.ui-testing";
		};
/* End PBXNativeTarget section */

/* Begin PBXProject section */
		8E7915AE2428B42A000274CA /* Project object */ = {
			isa = PBXProject;
			attributes = {
				LastSwiftUpdateCheck = 1130;
				LastUpgradeCheck = 1130;
				ORGANIZATIONNAME = "Kurniawan Gigih Lutfi Umam";
				TargetAttributes = {
					8E7915B52428B42A000274CA = {
						CreatedOnToolsVersion = 11.3.1;
					};
					8E7915CB2428B42E000274CA = {
						CreatedOnToolsVersion = 11.3.1;
						TestTargetID = 8E7915B52428B42A000274CA;
					};
					8E7915D62428B42E000274CA = {
						CreatedOnToolsVersion = 11.3.1;
						TestTargetID = 8E7915B52428B42A000274CA;
					};
				};
			};
			buildConfigurationList = 8E7915B12428B42A000274CA /* Build configuration list for PBXProject "SignUp" */;
			compatibilityVersion = "Xcode 9.3";
			developmentRegion = en;
			hasScannedForEncodings = 0;
			knownRegions = (
				en,
				Base,
			);
			mainGroup = 8E7915AD2428B42A000274CA;
			productRefGroup = 8E7915B72428B42A000274CA /* Products */;
			projectDirPath = "";
			projectRoot = "";
			targets = (
				8E7915B52428B42A000274CA /* SignUp */,
				8E7915CB2428B42E000274CA /* SignUpTests */,
				8E7915D62428B42E000274CA /* SignUpUITests */,
			);
		};
/* End PBXProject section */

/* Begin PBXResourcesBuildPhase section */
		8E7915B42428B42A000274CA /* Resources */ = {
			isa = PBXResourcesBuildPhase;
			buildActionMask = 2147483647;
			files = (
				8E7915C62428B42E000274CA /* LaunchScreen.storyboard in Resources */,
				8E7915C32428B42E000274CA /* Preview Assets.xcassets in Resources */,
				8E7915C02428B42E000274CA /* Assets.xcassets in Resources */,
			);
			runOnlyForDeploymentPostprocessing = 0;
		};
		8E7915CA2428B42E000274CA /* Resources */ = {
			isa = PBXResourcesBuildPhase;
			buildActionMask = 2147483647;
			files = (
			);
			runOnlyForDeploymentPostprocessing = 0;
		};
		8E7915D52428B42E000274CA /* Resources */ = {
			isa = PBXResourcesBuildPhase;
			buildActionMask = 2147483647;
			files = (
			);
			runOnlyForDeploymentPostprocessing = 0;
		};
/* End PBXResourcesBuildPhase section */

/* Begin PBXShellScriptBuildPhase section */
		6DCFB53A37E6330B1232CF7D /* [CP] Check Pods Manifest.lock */ = {
			isa = PBXShellScriptBuildPhase;
			buildActionMask = 2147483647;
			files = (
			);
			inputFileListPaths = (
			);
			inputPaths = (
				"${PODS_PODFILE_DIR_PATH}/Podfile.lock",
				"${PODS_ROOT}/Manifest.lock",
			);
			name = "[CP] Check Pods Manifest.lock";
			outputFileListPaths = (
			);
			outputPaths = (
				"$(DERIVED_FILE_DIR)/Pods-SignUp-checkManifestLockResult.txt",
			);
			runOnlyForDeploymentPostprocessing = 0;
			shellPath = /bin/sh;
			shellScript = "diff \"${PODS_PODFILE_DIR_PATH}/Podfile.lock\" \"${PODS_ROOT}/Manifest.lock\" > /dev/null\nif [ $? != 0 ] ; then\n    # print error to STDERR\n    echo \"error: The sandbox is not in sync with the Podfile.lock. Run 'pod install' or update your CocoaPods installation.\" >&2\n    exit 1\nfi\n# This output is used by Xcode 'outputs' to avoid re-running this script phase.\necho \"SUCCESS\" > \"${SCRIPT_OUTPUT_FILE_0}\"\n";
			showEnvVarsInLog = 0;
		};
		8A31125DD504981AE20475AC /* [CP] Embed Pods Frameworks */ = {
			isa = PBXShellScriptBuildPhase;
			buildActionMask = 2147483647;
			files = (
			);
			inputFileListPaths = (
				"${PODS_ROOT}/Target Support Files/Pods-SignUp-SignUpUITests/Pods-SignUp-SignUpUITests-frameworks-${CONFIGURATION}-input-files.xcfilelist",
			);
			name = "[CP] Embed Pods Frameworks";
			outputFileListPaths = (
				"${PODS_ROOT}/Target Support Files/Pods-SignUp-SignUpUITests/Pods-SignUp-SignUpUITests-frameworks-${CONFIGURATION}-output-files.xcfilelist",
			);
			runOnlyForDeploymentPostprocessing = 0;
			shellPath = /bin/sh;
			shellScript = "\"${PODS_ROOT}/Target Support Files/Pods-SignUp-SignUpUITests/Pods-SignUp-SignUpUITests-frameworks.sh\"\n";
			showEnvVarsInLog = 0;
		};
		94A83886DD2F07F8A32820A6 /* [CP] Embed Pods Frameworks */ = {
			isa = PBXShellScriptBuildPhase;
			buildActionMask = 2147483647;
			files = (
			);
			inputFileListPaths = (
				"${PODS_ROOT}/Target Support Files/Pods-SignUp/Pods-SignUp-frameworks-${CONFIGURATION}-input-files.xcfilelist",
			);
			name = "[CP] Embed Pods Frameworks";
			outputFileListPaths = (
				"${PODS_ROOT}/Target Support Files/Pods-SignUp/Pods-SignUp-frameworks-${CONFIGURATION}-output-files.xcfilelist",
			);
			runOnlyForDeploymentPostprocessing = 0;
			shellPath = /bin/sh;
			shellScript = "\"${PODS_ROOT}/Target Support Files/Pods-SignUp/Pods-SignUp-frameworks.sh\"\n";
			showEnvVarsInLog = 0;
		};
		BA6C39B1C89313200170BA6E /* [CP] Check Pods Manifest.lock */ = {
			isa = PBXShellScriptBuildPhase;
			buildActionMask = 2147483647;
			files = (
			);
			inputFileListPaths = (
			);
			inputPaths = (
				"${PODS_PODFILE_DIR_PATH}/Podfile.lock",
				"${PODS_ROOT}/Manifest.lock",
			);
			name = "[CP] Check Pods Manifest.lock";
			outputFileListPaths = (
			);
			outputPaths = (
				"$(DERIVED_FILE_DIR)/Pods-SignUpTests-checkManifestLockResult.txt",
			);
			runOnlyForDeploymentPostprocessing = 0;
			shellPath = /bin/sh;
			shellScript = "diff \"${PODS_PODFILE_DIR_PATH}/Podfile.lock\" \"${PODS_ROOT}/Manifest.lock\" > /dev/null\nif [ $? != 0 ] ; then\n    # print error to STDERR\n    echo \"error: The sandbox is not in sync with the Podfile.lock. Run 'pod install' or update your CocoaPods installation.\" >&2\n    exit 1\nfi\n# This output is used by Xcode 'outputs' to avoid re-running this script phase.\necho \"SUCCESS\" > \"${SCRIPT_OUTPUT_FILE_0}\"\n";
			showEnvVarsInLog = 0;
		};
		FDCBE1912D8BE4493896395A /* [CP] Check Pods Manifest.lock */ = {
			isa = PBXShellScriptBuildPhase;
			buildActionMask = 2147483647;
			files = (
			);
			inputFileListPaths = (
			);
			inputPaths = (
				"${PODS_PODFILE_DIR_PATH}/Podfile.lock",
				"${PODS_ROOT}/Manifest.lock",
			);
			name = "[CP] Check Pods Manifest.lock";
			outputFileListPaths = (
			);
			outputPaths = (
				"$(DERIVED_FILE_DIR)/Pods-SignUp-SignUpUITests-checkManifestLockResult.txt",
			);
			runOnlyForDeploymentPostprocessing = 0;
			shellPath = /bin/sh;
			shellScript = "diff \"${PODS_PODFILE_DIR_PATH}/Podfile.lock\" \"${PODS_ROOT}/Manifest.lock\" > /dev/null\nif [ $? != 0 ] ; then\n    # print error to STDERR\n    echo \"error: The sandbox is not in sync with the Podfile.lock. Run 'pod install' or update your CocoaPods installation.\" >&2\n    exit 1\nfi\n# This output is used by Xcode 'outputs' to avoid re-running this script phase.\necho \"SUCCESS\" > \"${SCRIPT_OUTPUT_FILE_0}\"\n";
			showEnvVarsInLog = 0;
		};
/* End PBXShellScriptBuildPhase section */

/* Begin PBXSourcesBuildPhase section */
		8E7915B22428B42A000274CA /* Sources */ = {
			isa = PBXSourcesBuildPhase;
			buildActionMask = 2147483647;
			files = (
				8EB728EC2428DD3D004E1D81 /* AuthHttpRouter.swift in Sources */,
				8E7915EB2428B4C3000274CA /* ColorCodes.swift in Sources */,
				8EB728FC2428F1F1004E1D81 /* TokenResponseModel.swift in Sources */,
				8EB728F62428E4E9004E1D81 /* AuthAPI.swift in Sources */,
				8EB728F82428E725004E1D81 /* AuthService.swift in Sources */,
				8EB728EE2428DDB5004E1D81 /* AuthModel.swift in Sources */,
				8EB728F02428DFCA004E1D81 /* AuthHttpService.swift in Sources */,
				8E7915BA2428B42A000274CA /* AppDelegate.swift in Sources */,
				8EB728FA2428F12F004E1D81 /* AuthServiceParser.swift in Sources */,
				8EB728FE2428F75B004E1D81 /* SignUpErrorModel.swift in Sources */,
				8E7915EE2428C0DE000274CA /* SignUpViewModel.swift in Sources */,
				8E7915BC2428B42A000274CA /* SceneDelegate.swift in Sources */,
				8E7915BE2428B42A000274CA /* SignUpView.swift in Sources */,
				8EB728F22428E00C004E1D81 /* HttpRouter.swift in Sources */,
				8EB728F42428E112004E1D81 /* HttpService.swift in Sources */,
			);
			runOnlyForDeploymentPostprocessing = 0;
		};
		8E7915C82428B42E000274CA /* Sources */ = {
			isa = PBXSourcesBuildPhase;
			buildActionMask = 2147483647;
			files = (
				8E7915D12428B42E000274CA /* SignUpTests.swift in Sources */,
			);
			runOnlyForDeploymentPostprocessing = 0;
		};
		8E7915D32428B42E000274CA /* Sources */ = {
			isa = PBXSourcesBuildPhase;
			buildActionMask = 2147483647;
			files = (
				8E7915DC2428B42E000274CA /* SignUpUITests.swift in Sources */,
			);
			runOnlyForDeploymentPostprocessing = 0;
		};
/* End PBXSourcesBuildPhase section */

/* Begin PBXTargetDependency section */
		8E7915CE2428B42E000274CA /* PBXTargetDependency */ = {
			isa = PBXTargetDependency;
			target = 8E7915B52428B42A000274CA /* SignUp */;
			targetProxy = 8E7915CD2428B42E000274CA /* PBXContainerItemProxy */;
		};
		8E7915D92428B42E000274CA /* PBXTargetDependency */ = {
			isa = PBXTargetDependency;
			target = 8E7915B52428B42A000274CA /* SignUp */;
			targetProxy = 8E7915D82428B42E000274CA /* PBXContainerItemProxy */;
		};
/* End PBXTargetDependency section */

/* Begin PBXVariantGroup section */
		8E7915C42428B42E000274CA /* LaunchScreen.storyboard */ = {
			isa = PBXVariantGroup;
			children = (
				8E7915C52428B42E000274CA /* Base */,
			);
			name = LaunchScreen.storyboard;
			sourceTree = "<group>";
		};
/* End PBXVariantGroup section */

/* Begin XCBuildConfiguration section */
		8E7915DE2428B42E000274CA /* Debug */ = {
			isa = XCBuildConfiguration;
			buildSettings = {
				ALWAYS_SEARCH_USER_PATHS = NO;
				CLANG_ANALYZER_NONNULL = YES;
				CLANG_ANALYZER_NUMBER_OBJECT_CONVERSION = YES_AGGRESSIVE;
				CLANG_CXX_LANGUAGE_STANDARD = "gnu++14";
				CLANG_CXX_LIBRARY = "libc++";
				CLANG_ENABLE_MODULES = YES;
				CLANG_ENABLE_OBJC_ARC = YES;
				CLANG_ENABLE_OBJC_WEAK = YES;
				CLANG_WARN_BLOCK_CAPTURE_AUTORELEASING = YES;
				CLANG_WARN_BOOL_CONVERSION = YES;
				CLANG_WARN_COMMA = YES;
				CLANG_WARN_CONSTANT_CONVERSION = YES;
				CLANG_WARN_DEPRECATED_OBJC_IMPLEMENTATIONS = YES;
				CLANG_WARN_DIRECT_OBJC_ISA_USAGE = YES_ERROR;
				CLANG_WARN_DOCUMENTATION_COMMENTS = YES;
				CLANG_WARN_EMPTY_BODY = YES;
				CLANG_WARN_ENUM_CONVERSION = YES;
				CLANG_WARN_INFINITE_RECURSION = YES;
				CLANG_WARN_INT_CONVERSION = YES;
				CLANG_WARN_NON_LITERAL_NULL_CONVERSION = YES;
				CLANG_WARN_OBJC_IMPLICIT_RETAIN_SELF = YES;
				CLANG_WARN_OBJC_LITERAL_CONVERSION = YES;
				CLANG_WARN_OBJC_ROOT_CLASS = YES_ERROR;
				CLANG_WARN_RANGE_LOOP_ANALYSIS = YES;
				CLANG_WARN_STRICT_PROTOTYPES = YES;
				CLANG_WARN_SUSPICIOUS_MOVE = YES;
				CLANG_WARN_UNGUARDED_AVAILABILITY = YES_AGGRESSIVE;
				CLANG_WARN_UNREACHABLE_CODE = YES;
				CLANG_WARN__DUPLICATE_METHOD_MATCH = YES;
				COPY_PHASE_STRIP = NO;
				DEBUG_INFORMATION_FORMAT = dwarf;
				ENABLE_STRICT_OBJC_MSGSEND = YES;
				ENABLE_TESTABILITY = YES;
				GCC_C_LANGUAGE_STANDARD = gnu11;
				GCC_DYNAMIC_NO_PIC = NO;
				GCC_NO_COMMON_BLOCKS = YES;
				GCC_OPTIMIZATION_LEVEL = 0;
				GCC_PREPROCESSOR_DEFINITIONS = (
					"DEBUG=1",
					"$(inherited)",
				);
				GCC_WARN_64_TO_32_BIT_CONVERSION = YES;
				GCC_WARN_ABOUT_RETURN_TYPE = YES_ERROR;
				GCC_WARN_UNDECLARED_SELECTOR = YES;
				GCC_WARN_UNINITIALIZED_AUTOS = YES_AGGRESSIVE;
				GCC_WARN_UNUSED_FUNCTION = YES;
				GCC_WARN_UNUSED_VARIABLE = YES;
				IPHONEOS_DEPLOYMENT_TARGET = 13.2;
				MTL_ENABLE_DEBUG_INFO = INCLUDE_SOURCE;
				MTL_FAST_MATH = YES;
				ONLY_ACTIVE_ARCH = YES;
				SDKROOT = iphoneos;
				SWIFT_ACTIVE_COMPILATION_CONDITIONS = DEBUG;
				SWIFT_OPTIMIZATION_LEVEL = "-Onone";
			};
			name = Debug;
		};
		8E7915DF2428B42E000274CA /* Release */ = {
			isa = XCBuildConfiguration;
			buildSettings = {
				ALWAYS_SEARCH_USER_PATHS = NO;
				CLANG_ANALYZER_NONNULL = YES;
				CLANG_ANALYZER_NUMBER_OBJECT_CONVERSION = YES_AGGRESSIVE;
				CLANG_CXX_LANGUAGE_STANDARD = "gnu++14";
				CLANG_CXX_LIBRARY = "libc++";
				CLANG_ENABLE_MODULES = YES;
				CLANG_ENABLE_OBJC_ARC = YES;
				CLANG_ENABLE_OBJC_WEAK = YES;
				CLANG_WARN_BLOCK_CAPTURE_AUTORELEASING = YES;
				CLANG_WARN_BOOL_CONVERSION = YES;
				CLANG_WARN_COMMA = YES;
				CLANG_WARN_CONSTANT_CONVERSION = YES;
				CLANG_WARN_DEPRECATED_OBJC_IMPLEMENTATIONS = YES;
				CLANG_WARN_DIRECT_OBJC_ISA_USAGE = YES_ERROR;
				CLANG_WARN_DOCUMENTATION_COMMENTS = YES;
				CLANG_WARN_EMPTY_BODY = YES;
				CLANG_WARN_ENUM_CONVERSION = YES;
				CLANG_WARN_INFINITE_RECURSION = YES;
				CLANG_WARN_INT_CONVERSION = YES;
				CLANG_WARN_NON_LITERAL_NULL_CONVERSION = YES;
				CLANG_WARN_OBJC_IMPLICIT_RETAIN_SELF = YES;
				CLANG_WARN_OBJC_LITERAL_CONVERSION = YES;
				CLANG_WARN_OBJC_ROOT_CLASS = YES_ERROR;
				CLANG_WARN_RANGE_LOOP_ANALYSIS = YES;
				CLANG_WARN_STRICT_PROTOTYPES = YES;
				CLANG_WARN_SUSPICIOUS_MOVE = YES;
				CLANG_WARN_UNGUARDED_AVAILABILITY = YES_AGGRESSIVE;
				CLANG_WARN_UNREACHABLE_CODE = YES;
				CLANG_WARN__DUPLICATE_METHOD_MATCH = YES;
				COPY_PHASE_STRIP = NO;
				DEBUG_INFORMATION_FORMAT = "dwarf-with-dsym";
				ENABLE_NS_ASSERTIONS = NO;
				ENABLE_STRICT_OBJC_MSGSEND = YES;
				GCC_C_LANGUAGE_STANDARD = gnu11;
				GCC_NO_COMMON_BLOCKS = YES;
				GCC_WARN_64_TO_32_BIT_CONVERSION = YES;
				GCC_WARN_ABOUT_RETURN_TYPE = YES_ERROR;
				GCC_WARN_UNDECLARED_SELECTOR = YES;
				GCC_WARN_UNINITIALIZED_AUTOS = YES_AGGRESSIVE;
				GCC_WARN_UNUSED_FUNCTION = YES;
				GCC_WARN_UNUSED_VARIABLE = YES;
				IPHONEOS_DEPLOYMENT_TARGET = 13.2;
				MTL_ENABLE_DEBUG_INFO = NO;
				MTL_FAST_MATH = YES;
				SDKROOT = iphoneos;
				SWIFT_COMPILATION_MODE = wholemodule;
				SWIFT_OPTIMIZATION_LEVEL = "-O";
				VALIDATE_PRODUCT = YES;
			};
			name = Release;
		};
		8E7915E12428B42E000274CA /* Debug */ = {
			isa = XCBuildConfiguration;
			baseConfigurationReference = 14BD7039A75A8B2657F0D931 /* Pods-SignUp.debug.xcconfig */;
			buildSettings = {
				ASSETCATALOG_COMPILER_APPICON_NAME = AppIcon;
				CODE_SIGN_STYLE = Automatic;
				DEVELOPMENT_ASSET_PATHS = "\"SignUp/Preview Content\"";
				ENABLE_PREVIEWS = YES;
				INFOPLIST_FILE = SignUp/Info.plist;
				LD_RUNPATH_SEARCH_PATHS = (
					"$(inherited)",
					"@executable_path/Frameworks",
				);
				PRODUCT_BUNDLE_IDENTIFIER = com.umaaamm.SignUp;
				PRODUCT_NAME = "$(TARGET_NAME)";
				SWIFT_VERSION = 5.0;
				TARGETED_DEVICE_FAMILY = "1,2";
			};
			name = Debug;
		};
		8E7915E22428B42E000274CA /* Release */ = {
			isa = XCBuildConfiguration;
			baseConfigurationReference = 5D6F852002A474D986D9828F /* Pods-SignUp.release.xcconfig */;
			buildSettings = {
				ASSETCATALOG_COMPILER_APPICON_NAME = AppIcon;
				CODE_SIGN_STYLE = Automatic;
				DEVELOPMENT_ASSET_PATHS = "\"SignUp/Preview Content\"";
				ENABLE_PREVIEWS = YES;
				INFOPLIST_FILE = SignUp/Info.plist;
				LD_RUNPATH_SEARCH_PATHS = (
					"$(inherited)",
					"@executable_path/Frameworks",
				);
				PRODUCT_BUNDLE_IDENTIFIER = com.umaaamm.SignUp;
				PRODUCT_NAME = "$(TARGET_NAME)";
				SWIFT_VERSION = 5.0;
				TARGETED_DEVICE_FAMILY = "1,2";
			};
			name = Release;
		};
		8E7915E42428B42E000274CA /* Debug */ = {
			isa = XCBuildConfiguration;
			baseConfigurationReference = E08EB8874A1ECDD7DD6F2D91 /* Pods-SignUpTests.debug.xcconfig */;
			buildSettings = {
				ALWAYS_EMBED_SWIFT_STANDARD_LIBRARIES = YES;
				BUNDLE_LOADER = "$(TEST_HOST)";
				CODE_SIGN_STYLE = Automatic;
				INFOPLIST_FILE = SignUpTests/Info.plist;
				IPHONEOS_DEPLOYMENT_TARGET = 13.2;
				LD_RUNPATH_SEARCH_PATHS = (
					"$(inherited)",
					"@executable_path/Frameworks",
					"@loader_path/Frameworks",
				);
				PRODUCT_BUNDLE_IDENTIFIER = com.umaaamm.SignUpTests;
				PRODUCT_NAME = "$(TARGET_NAME)";
				SWIFT_VERSION = 5.0;
				TARGETED_DEVICE_FAMILY = "1,2";
				TEST_HOST = "$(BUILT_PRODUCTS_DIR)/SignUp.app/SignUp";
			};
			name = Debug;
		};
		8E7915E52428B42E000274CA /* Release */ = {
			isa = XCBuildConfiguration;
			baseConfigurationReference = 6B5D372E08E97BEF9F6516A7 /* Pods-SignUpTests.release.xcconfig */;
			buildSettings = {
				ALWAYS_EMBED_SWIFT_STANDARD_LIBRARIES = YES;
				BUNDLE_LOADER = "$(TEST_HOST)";
				CODE_SIGN_STYLE = Automatic;
				INFOPLIST_FILE = SignUpTests/Info.plist;
				IPHONEOS_DEPLOYMENT_TARGET = 13.2;
				LD_RUNPATH_SEARCH_PATHS = (
					"$(inherited)",
					"@executable_path/Frameworks",
					"@loader_path/Frameworks",
				);
				PRODUCT_BUNDLE_IDENTIFIER = com.umaaamm.SignUpTests;
				PRODUCT_NAME = "$(TARGET_NAME)";
				SWIFT_VERSION = 5.0;
				TARGETED_DEVICE_FAMILY = "1,2";
				TEST_HOST = "$(BUILT_PRODUCTS_DIR)/SignUp.app/SignUp";
			};
			name = Release;
		};
		8E7915E72428B42E000274CA /* Debug */ = {
			isa = XCBuildConfiguration;
			baseConfigurationReference = 1B2B2126898533A5C8D2E366 /* Pods-SignUp-SignUpUITests.debug.xcconfig */;
			buildSettings = {
				ALWAYS_EMBED_SWIFT_STANDARD_LIBRARIES = YES;
				CODE_SIGN_STYLE = Automatic;
				INFOPLIST_FILE = SignUpUITests/Info.plist;
				LD_RUNPATH_SEARCH_PATHS = (
					"$(inherited)",
					"@executable_path/Frameworks",
					"@loader_path/Frameworks",
				);
				PRODUCT_BUNDLE_IDENTIFIER = com.umaaamm.SignUpUITests;
				PRODUCT_NAME = "$(TARGET_NAME)";
				SWIFT_VERSION = 5.0;
				TARGETED_DEVICE_FAMILY = "1,2";
				TEST_TARGET_NAME = SignUp;
			};
			name = Debug;
		};
		8E7915E82428B42E000274CA /* Release */ = {
			isa = XCBuildConfiguration;
			baseConfigurationReference = 9464537E46399D8ACB8C044C /* Pods-SignUp-SignUpUITests.release.xcconfig */;
			buildSettings = {
				ALWAYS_EMBED_SWIFT_STANDARD_LIBRARIES = YES;
				CODE_SIGN_STYLE = Automatic;
				INFOPLIST_FILE = SignUpUITests/Info.plist;
				LD_RUNPATH_SEARCH_PATHS = (
					"$(inherited)",
					"@executable_path/Frameworks",
					"@loader_path/Frameworks",
				);
				PRODUCT_BUNDLE_IDENTIFIER = com.umaaamm.SignUpUITests;
				PRODUCT_NAME = "$(TARGET_NAME)";
				SWIFT_VERSION = 5.0;
				TARGETED_DEVICE_FAMILY = "1,2";
				TEST_TARGET_NAME = SignUp;
			};
			name = Release;
		};
/* End XCBuildConfiguration section */

/* Begin XCConfigurationList section */
		8E7915B12428B42A000274CA /* Build configuration list for PBXProject "SignUp" */ = {
			isa = XCConfigurationList;
			buildConfigurations = (
				8E7915DE2428B42E000274CA /* Debug */,
				8E7915DF2428B42E000274CA /* Release */,
			);
			defaultConfigurationIsVisible = 0;
			defaultConfigurationName = Release;
		};
		8E7915E02428B42E000274CA /* Build configuration list for PBXNativeTarget "SignUp" */ = {
			isa = XCConfigurationList;
			buildConfigurations = (
				8E7915E12428B42E000274CA /* Debug */,
				8E7915E22428B42E000274CA /* Release */,
			);
			defaultConfigurationIsVisible = 0;
			defaultConfigurationName = Release;
		};
		8E7915E32428B42E000274CA /* Build configuration list for PBXNativeTarget "SignUpTests" */ = {
			isa = XCConfigurationList;
			buildConfigurations = (
				8E7915E42428B42E000274CA /* Debug */,
				8E7915E52428B42E000274CA /* Release */,
			);
			defaultConfigurationIsVisible = 0;
			defaultConfigurationName = Release;
		};
		8E7915E62428B42E000274CA /* Build configuration list for PBXNativeTarget "SignUpUITests" */ = {
			isa = XCConfigurationList;
			buildConfigurations = (
				8E7915E72428B42E000274CA /* Debug */,
				8E7915E82428B42E000274CA /* Release */,
			);
			defaultConfigurationIsVisible = 0;
			defaultConfigurationName = Release;
		};
/* End XCConfigurationList section */
	};
	rootObject = 8E7915AE2428B42A000274CA /* Project object */;
}
